
Microsoft Visual Studio Solution File, Format Version 12.00
# Visual Studio Version 17
VisualStudioVersion = 17.7.34221.43
MinimumVisualStudioVersion = 10.0.40219.1
Project("{FAE04EC0-301F-11D3-BF4B-00C04F79EFBC}") = "SmokeGrenade", "SmokeGrenade\SmokeGrenade.csproj", "{48BD8684-FCAB-4042-80A4-BF5185F119E1}"
EndProject
Global
	GlobalSection(SolutionConfigurationPlatforms) = preSolution
		Debug|Any CPU = Debug|Any CPU
		Release|Any CPU = Release|Any CPU
	EndGlobalSection
	GlobalSection(ProjectConfigurationPlatforms) = postSolution
		{48BD8684-FCAB-4042-80A4-BF5185F119E1}.Debug|Any CPU.ActiveCfg = Debug|Any CPU
		{48BD8684-FCAB-4042-80A4-BF5185F119E1}.Debug|Any CPU.Build.0 = Debug|Any CPU
		{48BD8684-FCAB-4042-80A4-BF5185F119E1}.Release|Any CPU.ActiveCfg = Release|Any CPU
		{48BD8684-FCAB-4042-80A4-BF5185F119E1}.Release|Any CPU.Build.0 = Release|Any CPU
	EndGlobalSection
	GlobalSection(SolutionProperties) = preSolution
		HideSolutionNode = FALSE
	EndGlobalSection
	GlobalSection(ExtensibilityGlobals) = postSolution
		SolutionGuid = {32225E24-1FFB-46BF-9684-52779FABE9A4}
	EndGlobalSection
EndGlobal
